// !$*UTF8*$!
{
	archiveVersion = 1;
	classes = {
	};
	objectVersion = 48;
	objects = {

/* Begin PBXBuildFile section */
		03151F501FCDC2B900858872 /* main.c in Sources */ = {isa = PBXBuildFile; fileRef = 03151F4F1FCDC2B900858872 /* main.c */; };
		038327341FF3A19100D90D7A /* relation_helper.c in Sources */ = {isa = PBXBuildFile; fileRef = 038327331FF3A19100D90D7A /* relation_helper.c */; };
		03C636E01FE921510075A3FC /* nuplet_helper.c in Sources */ = {isa = PBXBuildFile; fileRef = 03C636DF1FE921510075A3FC /* nuplet_helper.c */; };
		03C7515A200D3C92000475D3 /* journalisation.c in Sources */ = {isa = PBXBuildFile; fileRef = 03C75159200D3C92000475D3 /* journalisation.c */; };
		03C9E89C1FCDC531004A02E8 /* parsing.c in Sources */ = {isa = PBXBuildFile; fileRef = 03C9E89B1FCDC531004A02E8 /* parsing.c */; };
		03C9E89F1FCDC5CE004A02E8 /* operateurs.c in Sources */ = {isa = PBXBuildFile; fileRef = 03C9E89E1FCDC5CE004A02E8 /* operateurs.c */; };
		03C9E8A21FCDC606004A02E8 /* table.c in Sources */ = {isa = PBXBuildFile; fileRef = 03C9E8A11FCDC606004A02E8 /* table.c */; };
		03C9E8A51FCDC660004A02E8 /* optimisation.c in Sources */ = {isa = PBXBuildFile; fileRef = 03C9E8A41FCDC660004A02E8 /* optimisation.c */; };
		03C9E8A81FCDC690004A02E8 /* controle_acces.c in Sources */ = {isa = PBXBuildFile; fileRef = 03C9E8A71FCDC690004A02E8 /* controle_acces.c */; };
		03C9E8AB1FCDC6C6004A02E8 /* transaction.c in Sources */ = {isa = PBXBuildFile; fileRef = 03C9E8AA1FCDC6C6004A02E8 /* transaction.c */; };
		03C9E8AE1FCDC734004A02E8 /* iohelper.c in Sources */ = {isa = PBXBuildFile; fileRef = 03C9E8AD1FCDC734004A02E8 /* iohelper.c */; };
/* End PBXBuildFile section */

/* Begin PBXCopyFilesBuildPhase section */
		03151F4A1FCDC2B900858872 /* CopyFiles */ = {
			isa = PBXCopyFilesBuildPhase;
			buildActionMask = 2147483647;
			dstPath = /usr/share/man/man1/;
			dstSubfolderSpec = 0;
			files = (
			);
			runOnlyForDeploymentPostprocessing = 1;
		};
/* End PBXCopyFilesBuildPhase section */

/* Begin PBXFileReference section */
		03151F4C1FCDC2B900858872 /* sgbd_frj */ = {isa = PBXFileReference; explicitFileType = "compiled.mach-o.executable"; includeInIndex = 0; path = sgbd_frj; sourceTree = BUILT_PRODUCTS_DIR; };
		03151F4F1FCDC2B900858872 /* main.c */ = {isa = PBXFileReference; lastKnownFileType = sourcecode.c.c; path = main.c; sourceTree = "<group>"; };
		03151F561FCDC32000858872 /* sgbd.h */ = {isa = PBXFileReference; lastKnownFileType = sourcecode.c.h; path = sgbd.h; sourceTree = "<group>"; };
		0361C53E1FFE89690091D459 /* README.md */ = {isa = PBXFileReference; lastKnownFileType = net.daringfireball.markdown; path = README.md; sourceTree = "<group>"; };
		038327321FF3A19100D90D7A /* relation_helper.h */ = {isa = PBXFileReference; lastKnownFileType = sourcecode.c.h; path = relation_helper.h; sourceTree = "<group>"; };
		038327331FF3A19100D90D7A /* relation_helper.c */ = {isa = PBXFileReference; lastKnownFileType = sourcecode.c.c; path = relation_helper.c; sourceTree = "<group>"; };
		03C636DE1FE921510075A3FC /* nuplet_helper.h */ = {isa = PBXFileReference; lastKnownFileType = sourcecode.c.h; path = nuplet_helper.h; sourceTree = "<group>"; };
		03C636DF1FE921510075A3FC /* nuplet_helper.c */ = {isa = PBXFileReference; lastKnownFileType = sourcecode.c.c; path = nuplet_helper.c; sourceTree = "<group>"; };
		03C75158200D3C92000475D3 /* journalisation.h */ = {isa = PBXFileReference; lastKnownFileType = sourcecode.c.h; path = journalisation.h; sourceTree = "<group>"; };
		03C75159200D3C92000475D3 /* journalisation.c */ = {isa = PBXFileReference; lastKnownFileType = sourcecode.c.c; path = journalisation.c; sourceTree = "<group>"; };
		03C9E89A1FCDC531004A02E8 /* parsing.h */ = {isa = PBXFileReference; lastKnownFileType = sourcecode.c.h; path = parsing.h; sourceTree = "<group>"; };
		03C9E89B1FCDC531004A02E8 /* parsing.c */ = {isa = PBXFileReference; lastKnownFileType = sourcecode.c.c; path = parsing.c; sourceTree = "<group>"; };
		03C9E89D1FCDC5CE004A02E8 /* operateurs.h */ = {isa = PBXFileReference; lastKnownFileType = sourcecode.c.h; path = operateurs.h; sourceTree = "<group>"; };
		03C9E89E1FCDC5CE004A02E8 /* operateurs.c */ = {isa = PBXFileReference; lastKnownFileType = sourcecode.c.c; path = operateurs.c; sourceTree = "<group>"; };
		03C9E8A01FCDC606004A02E8 /* table.h */ = {isa = PBXFileReference; lastKnownFileType = sourcecode.c.h; path = table.h; sourceTree = "<group>"; };
		03C9E8A11FCDC606004A02E8 /* table.c */ = {isa = PBXFileReference; lastKnownFileType = sourcecode.c.c; path = table.c; sourceTree = "<group>"; };
		03C9E8A31FCDC660004A02E8 /* optimisation.h */ = {isa = PBXFileReference; lastKnownFileType = sourcecode.c.h; path = optimisation.h; sourceTree = "<group>"; };
		03C9E8A41FCDC660004A02E8 /* optimisation.c */ = {isa = PBXFileReference; lastKnownFileType = sourcecode.c.c; path = optimisation.c; sourceTree = "<group>"; };
		03C9E8A61FCDC690004A02E8 /* controle_acces.h */ = {isa = PBXFileReference; lastKnownFileType = sourcecode.c.h; path = controle_acces.h; sourceTree = "<group>"; };
		03C9E8A71FCDC690004A02E8 /* controle_acces.c */ = {isa = PBXFileReference; lastKnownFileType = sourcecode.c.c; path = controle_acces.c; sourceTree = "<group>"; };
		03C9E8A91FCDC6C6004A02E8 /* transaction.h */ = {isa = PBXFileReference; lastKnownFileType = sourcecode.c.h; path = transaction.h; sourceTree = "<group>"; };
		03C9E8AA1FCDC6C6004A02E8 /* transaction.c */ = {isa = PBXFileReference; lastKnownFileType = sourcecode.c.c; path = transaction.c; sourceTree = "<group>"; };
		03C9E8AC1FCDC734004A02E8 /* iohelper.h */ = {isa = PBXFileReference; lastKnownFileType = sourcecode.c.h; path = iohelper.h; sourceTree = "<group>"; };
		03C9E8AD1FCDC734004A02E8 /* iohelper.c */ = {isa = PBXFileReference; lastKnownFileType = sourcecode.c.c; path = iohelper.c; sourceTree = "<group>"; };
		03C9E8B01FCDC921004A02E8 /* sgbd_frj.profdata */ = {isa = PBXFileReference; lastKnownFileType = file; path = sgbd_frj.profdata; sourceTree = "<group>"; };
/* End PBXFileReference section */

/* Begin PBXFrameworksBuildPhase section */
		03151F491FCDC2B900858872 /* Frameworks */ = {
			isa = PBXFrameworksBuildPhase;
			buildActionMask = 2147483647;
			files = (
			);
			runOnlyForDeploymentPostprocessing = 0;
		};
/* End PBXFrameworksBuildPhase section */

/* Begin PBXGroup section */
		03151F431FCDC2B800858872 = {
			isa = PBXGroup;
			children = (
				03151F4E1FCDC2B900858872 /* sgbd_frj */,
				03151F4D1FCDC2B900858872 /* Products */,
				03C9E8AF1FCDC921004A02E8 /* OptimizationProfiles */,
			);
			sourceTree = "<group>";
		};
		03151F4D1FCDC2B900858872 /* Products */ = {
			isa = PBXGroup;
			children = (
				03151F4C1FCDC2B900858872 /* sgbd_frj */,
			);
			name = Products;
			sourceTree = "<group>";
		};
		03151F4E1FCDC2B900858872 /* sgbd_frj */ = {
			isa = PBXGroup;
			children = (
				03151F4F1FCDC2B900858872 /* main.c */,
				03151F561FCDC32000858872 /* sgbd.h */,
				03C9E89A1FCDC531004A02E8 /* parsing.h */,
				03C9E89B1FCDC531004A02E8 /* parsing.c */,
				03C9E89D1FCDC5CE004A02E8 /* operateurs.h */,
				03C9E89E1FCDC5CE004A02E8 /* operateurs.c */,
				03C9E8A01FCDC606004A02E8 /* table.h */,
				03C9E8A11FCDC606004A02E8 /* table.c */,
				03C9E8A31FCDC660004A02E8 /* optimisation.h */,
				03C9E8A41FCDC660004A02E8 /* optimisation.c */,
				03C9E8A61FCDC690004A02E8 /* controle_acces.h */,
				03C9E8A71FCDC690004A02E8 /* controle_acces.c */,
				03C9E8A91FCDC6C6004A02E8 /* transaction.h */,
				03C9E8AA1FCDC6C6004A02E8 /* transaction.c */,
				03C9E8AC1FCDC734004A02E8 /* iohelper.h */,
				03C9E8AD1FCDC734004A02E8 /* iohelper.c */,
				03C636DE1FE921510075A3FC /* nuplet_helper.h */,
				03C636DF1FE921510075A3FC /* nuplet_helper.c */,
				038327321FF3A19100D90D7A /* relation_helper.h */,
				038327331FF3A19100D90D7A /* relation_helper.c */,
				0361C53E1FFE89690091D459 /* README.md */,
				03C75158200D3C92000475D3 /* journalisation.h */,
				03C75159200D3C92000475D3 /* journalisation.c */,
			);
			path = sgbd_frj;
			sourceTree = "<group>";
		};
		03C9E8AF1FCDC921004A02E8 /* OptimizationProfiles */ = {
			isa = PBXGroup;
			children = (
				03C9E8B01FCDC921004A02E8 /* sgbd_frj.profdata */,
			);
			path = OptimizationProfiles;
			sourceTree = "<group>";
		};
/* End PBXGroup section */

/* Begin PBXNativeTarget section */
		03151F4B1FCDC2B900858872 /* sgbd_frj */ = {
			isa = PBXNativeTarget;
			buildConfigurationList = 03151F531FCDC2B900858872 /* Build configuration list for PBXNativeTarget "sgbd_frj" */;
			buildPhases = (
				03151F481FCDC2B900858872 /* Sources */,
				03151F491FCDC2B900858872 /* Frameworks */,
				03151F4A1FCDC2B900858872 /* CopyFiles */,
			);
			buildRules = (
			);
			dependencies = (
			);
			name = sgbd_frj;
			productName = sgbd_frj;
			productReference = 03151F4C1FCDC2B900858872 /* sgbd_frj */;
			productType = "com.apple.product-type.tool";
		};
/* End PBXNativeTarget section */

/* Begin PBXProject section */
		03151F441FCDC2B900858872 /* Project object */ = {
			isa = PBXProject;
			attributes = {
				LastUpgradeCheck = 0910;
				ORGANIZATIONNAME = frj;
				TargetAttributes = {
					03151F4B1FCDC2B900858872 = {
						CreatedOnToolsVersion = 9.1;
						ProvisioningStyle = Automatic;
					};
				};
			};
			buildConfigurationList = 03151F471FCDC2B900858872 /* Build configuration list for PBXProject "sgbd_frj" */;
			compatibilityVersion = "Xcode 8.0";
			developmentRegion = en;
			hasScannedForEncodings = 0;
			knownRegions = (
				en,
			);
			mainGroup = 03151F431FCDC2B800858872;
			productRefGroup = 03151F4D1FCDC2B900858872 /* Products */;
			projectDirPath = "";
			projectRoot = "";
			targets = (
				03151F4B1FCDC2B900858872 /* sgbd_frj */,
			);
		};
/* End PBXProject section */

/* Begin PBXSourcesBuildPhase section */
		03151F481FCDC2B900858872 /* Sources */ = {
			isa = PBXSourcesBuildPhase;
			buildActionMask = 2147483647;
			files = (
				03C636E01FE921510075A3FC /* nuplet_helper.c in Sources */,
				03C9E8A21FCDC606004A02E8 /* table.c in Sources */,
				03C9E8A81FCDC690004A02E8 /* controle_acces.c in Sources */,
				03C7515A200D3C92000475D3 /* journalisation.c in Sources */,
				03C9E8A51FCDC660004A02E8 /* optimisation.c in Sources */,
				03C9E8AE1FCDC734004A02E8 /* iohelper.c in Sources */,
				03C9E89F1FCDC5CE004A02E8 /* operateurs.c in Sources */,
				03C9E8AB1FCDC6C6004A02E8 /* transaction.c in Sources */,
				038327341FF3A19100D90D7A /* relation_helper.c in Sources */,
				03C9E89C1FCDC531004A02E8 /* parsing.c in Sources */,
				03151F501FCDC2B900858872 /* main.c in Sources */,
			);
			runOnlyForDeploymentPostprocessing = 0;
		};
/* End PBXSourcesBuildPhase section */

/* Begin XCBuildConfiguration section */
		03151F511FCDC2B900858872 /* Debug */ = {
			isa = XCBuildConfiguration;
			buildSettings = {
				ALWAYS_SEARCH_USER_PATHS = NO;
				CLANG_ANALYZER_NONNULL = YES;
				CLANG_ANALYZER_NUMBER_OBJECT_CONVERSION = YES_AGGRESSIVE;
				CLANG_CXX_LANGUAGE_STANDARD = "gnu++14";
				CLANG_CXX_LIBRARY = "libc++";
				CLANG_ENABLE_MODULES = YES;
				CLANG_ENABLE_OBJC_ARC = YES;
				CLANG_WARN_BLOCK_CAPTURE_AUTORELEASING = YES;
				CLANG_WARN_BOOL_CONVERSION = YES;
				CLANG_WARN_COMMA = YES;
				CLANG_WARN_CONSTANT_CONVERSION = YES;
				CLANG_WARN_DIRECT_OBJC_ISA_USAGE = YES_ERROR;
				CLANG_WARN_DOCUMENTATION_COMMENTS = YES;
				CLANG_WARN_EMPTY_BODY = YES;
				CLANG_WARN_ENUM_CONVERSION = YES;
				CLANG_WARN_INFINITE_RECURSION = YES;
				CLANG_WARN_INT_CONVERSION = YES;
				CLANG_WARN_NON_LITERAL_NULL_CONVERSION = YES;
				CLANG_WARN_OBJC_LITERAL_CONVERSION = YES;
				CLANG_WARN_OBJC_ROOT_CLASS = YES_ERROR;
				CLANG_WARN_RANGE_LOOP_ANALYSIS = YES;
				CLANG_WARN_STRICT_PROTOTYPES = YES;
				CLANG_WARN_SUSPICIOUS_MOVE = YES;
				CLANG_WARN_UNGUARDED_AVAILABILITY = YES_AGGRESSIVE;
				CLANG_WARN_UNREACHABLE_CODE = YES;
				CLANG_WARN__DUPLICATE_METHOD_MATCH = YES;
				CODE_SIGN_IDENTITY = "-";
				COPY_PHASE_STRIP = NO;
				DEBUG_INFORMATION_FORMAT = dwarf;
				ENABLE_STRICT_OBJC_MSGSEND = YES;
				ENABLE_TESTABILITY = YES;
				GCC_C_LANGUAGE_STANDARD = gnu11;
				GCC_DYNAMIC_NO_PIC = NO;
				GCC_NO_COMMON_BLOCKS = YES;
				GCC_OPTIMIZATION_LEVEL = 0;
				GCC_PREPROCESSOR_DEFINITIONS = (
					"DEBUG=1",
					"$(inherited)",
				);
				GCC_WARN_64_TO_32_BIT_CONVERSION = YES;
				GCC_WARN_ABOUT_RETURN_TYPE = YES_ERROR;
				GCC_WARN_UNDECLARED_SELECTOR = YES;
				GCC_WARN_UNINITIALIZED_AUTOS = YES_AGGRESSIVE;
				GCC_WARN_UNUSED_FUNCTION = YES;
				GCC_WARN_UNUSED_VARIABLE = YES;
				MACOSX_DEPLOYMENT_TARGET = 10.13;
				MTL_ENABLE_DEBUG_INFO = YES;
				ONLY_ACTIVE_ARCH = YES;
				SDKROOT = macosx;
			};
			name = Debug;
		};
		03151F521FCDC2B900858872 /* Release */ = {
			isa = XCBuildConfiguration;
			buildSettings = {
				ALWAYS_SEARCH_USER_PATHS = NO;
				CLANG_ANALYZER_NONNULL = YES;
				CLANG_ANALYZER_NUMBER_OBJECT_CONVERSION = YES_AGGRESSIVE;
				CLANG_CXX_LANGUAGE_STANDARD = "gnu++14";
				CLANG_CXX_LIBRARY = "libc++";
				CLANG_ENABLE_MODULES = YES;
				CLANG_ENABLE_OBJC_ARC = YES;
				CLANG_WARN_BLOCK_CAPTURE_AUTORELEASING = YES;
				CLANG_WARN_BOOL_CONVERSION = YES;
				CLANG_WARN_COMMA = YES;
				CLANG_WARN_CONSTANT_CONVERSION = YES;
				CLANG_WARN_DIRECT_OBJC_ISA_USAGE = YES_ERROR;
				CLANG_WARN_DOCUMENTATION_COMMENTS = YES;
				CLANG_WARN_EMPTY_BODY = YES;
				CLANG_WARN_ENUM_CONVERSION = YES;
				CLANG_WARN_INFINITE_RECURSION = YES;
				CLANG_WARN_INT_CONVERSION = YES;
				CLANG_WARN_NON_LITERAL_NULL_CONVERSION = YES;
				CLANG_WARN_OBJC_LITERAL_CONVERSION = YES;
				CLANG_WARN_OBJC_ROOT_CLASS = YES_ERROR;
				CLANG_WARN_RANGE_LOOP_ANALYSIS = YES;
				CLANG_WARN_STRICT_PROTOTYPES = YES;
				CLANG_WARN_SUSPICIOUS_MOVE = YES;
				CLANG_WARN_UNGUARDED_AVAILABILITY = YES_AGGRESSIVE;
				CLANG_WARN_UNREACHABLE_CODE = YES;
				CLANG_WARN__DUPLICATE_METHOD_MATCH = YES;
				CODE_SIGN_IDENTITY = "-";
				COPY_PHASE_STRIP = NO;
				DEBUG_INFORMATION_FORMAT = "dwarf-with-dsym";
				ENABLE_NS_ASSERTIONS = NO;
				ENABLE_STRICT_OBJC_MSGSEND = YES;
				GCC_C_LANGUAGE_STANDARD = gnu11;
				GCC_NO_COMMON_BLOCKS = YES;
				GCC_WARN_64_TO_32_BIT_CONVERSION = YES;
				GCC_WARN_ABOUT_RETURN_TYPE = YES_ERROR;
				GCC_WARN_UNDECLARED_SELECTOR = YES;
				GCC_WARN_UNINITIALIZED_AUTOS = YES_AGGRESSIVE;
				GCC_WARN_UNUSED_FUNCTION = YES;
				GCC_WARN_UNUSED_VARIABLE = YES;
				MACOSX_DEPLOYMENT_TARGET = 10.13;
				MTL_ENABLE_DEBUG_INFO = NO;
				SDKROOT = macosx;
			};
			name = Release;
		};
		03151F541FCDC2B900858872 /* Debug */ = {
			isa = XCBuildConfiguration;
			buildSettings = {
				CLANG_USE_OPTIMIZATION_PROFILE = YES;
				CLANG_WARN_DOCUMENTATION_COMMENTS = NO;
				CODE_SIGN_STYLE = Automatic;
				GCC_C_LANGUAGE_STANDARD = c11;
				PRODUCT_NAME = "$(TARGET_NAME)";
			};
			name = Debug;
		};
		03151F551FCDC2B900858872 /* Release */ = {
			isa = XCBuildConfiguration;
			buildSettings = {
				CLANG_USE_OPTIMIZATION_PROFILE = YES;
				CLANG_WARN_DOCUMENTATION_COMMENTS = NO;
				CODE_SIGN_STYLE = Automatic;
				GCC_C_LANGUAGE_STANDARD = c11;
				PRODUCT_NAME = "$(TARGET_NAME)";
			};
			name = Release;
		};
/* End XCBuildConfiguration section */

/* Begin XCConfigurationList section */
		03151F471FCDC2B900858872 /* Build configuration list for PBXProject "sgbd_frj" */ = {
			isa = XCConfigurationList;
			buildConfigurations = (
				03151F511FCDC2B900858872 /* Debug */,
				03151F521FCDC2B900858872 /* Release */,
			);
			defaultConfigurationIsVisible = 0;
			defaultConfigurationName = Release;
		};
		03151F531FCDC2B900858872 /* Build configuration list for PBXNativeTarget "sgbd_frj" */ = {
			isa = XCConfigurationList;
			buildConfigurations = (
				03151F541FCDC2B900858872 /* Debug */,
				03151F551FCDC2B900858872 /* Release */,
			);
			defaultConfigurationIsVisible = 0;
			defaultConfigurationName = Release;
		};
/* End XCConfigurationList section */
	};
	rootObject = 03151F441FCDC2B900858872 /* Project object */;
}
